// !$*UTF8*$!
{
	archiveVersion = 1;
	classes = {
	};
	objectVersion = 46;
	objects = {

/* Begin PBXBuildFile section */
		BBEFD5DC1DB9E99F00C991C7 /* main.m in Sources */ = {isa = PBXBuildFile; fileRef = BBEFD5DB1DB9E99F00C991C7 /* main.m */; };
		BBEFD5DF1DB9E99F00C991C7 /* AppDelegate.m in Sources */ = {isa = PBXBuildFile; fileRef = BBEFD5DE1DB9E99F00C991C7 /* AppDelegate.m */; };
		BBEFD5E21DB9E99F00C991C7 /* ViewController.m in Sources */ = {isa = PBXBuildFile; fileRef = BBEFD5E11DB9E99F00C991C7 /* ViewController.m */; };
		BBEFD5E51DB9E99F00C991C7 /* Main.storyboard in Resources */ = {isa = PBXBuildFile; fileRef = BBEFD5E31DB9E99F00C991C7 /* Main.storyboard */; };
		BBEFD5E71DB9E99F00C991C7 /* Assets.xcassets in Resources */ = {isa = PBXBuildFile; fileRef = BBEFD5E61DB9E99F00C991C7 /* Assets.xcassets */; };
		BBEFD5EA1DB9E99F00C991C7 /* LaunchScreen.storyboard in Resources */ = {isa = PBXBuildFile; fileRef = BBEFD5E81DB9E99F00C991C7 /* LaunchScreen.storyboard */; };
		BBEFD5F51DB9E99F00C991C7 /* WTPhotoSelectorDemoTests.m in Sources */ = {isa = PBXBuildFile; fileRef = BBEFD5F41DB9E99F00C991C7 /* WTPhotoSelectorDemoTests.m */; };
		BBEFD6001DB9E99F00C991C7 /* WTPhotoSelectorDemoUITests.m in Sources */ = {isa = PBXBuildFile; fileRef = BBEFD5FF1DB9E99F00C991C7 /* WTPhotoSelectorDemoUITests.m */; };
		BBEFD66B1DB9EB9800C991C7 /* compose_edit_group.png in Resources */ = {isa = PBXBuildFile; fileRef = BBEFD64A1DB9EB9800C991C7 /* compose_edit_group.png */; };
		BBEFD66C1DB9EB9800C991C7 /* compose_photo_photograph.png in Resources */ = {isa = PBXBuildFile; fileRef = BBEFD64B1DB9EB9800C991C7 /* compose_photo_photograph.png */; };
		BBEFD66D1DB9EB9800C991C7 /* compose_photo_preview_default@2x.png in Resources */ = {isa = PBXBuildFile; fileRef = BBEFD64C1DB9EB9800C991C7 /* compose_photo_preview_default@2x.png */; };
		BBEFD66E1DB9EB9800C991C7 /* compose_photo_preview_right@2x.png in Resources */ = {isa = PBXBuildFile; fileRef = BBEFD64D1DB9EB9800C991C7 /* compose_photo_preview_right@2x.png */; };
		BBEFD66F1DB9EB9800C991C7 /* icon-camera-capture.png in Resources */ = {isa = PBXBuildFile; fileRef = BBEFD64E1DB9EB9800C991C7 /* icon-camera-capture.png */; };
		BBEFD6701DB9EB9800C991C7 /* icon-camera-flash@2x.png in Resources */ = {isa = PBXBuildFile; fileRef = BBEFD64F1DB9EB9800C991C7 /* icon-camera-flash@2x.png */; };
		BBEFD6711DB9EB9800C991C7 /* icon-camera-flip@2x.png in Resources */ = {isa = PBXBuildFile; fileRef = BBEFD6501DB9EB9800C991C7 /* icon-camera-flip@2x.png */; };
		BBEFD6721DB9EB9800C991C7 /* icon-close.png in Resources */ = {isa = PBXBuildFile; fileRef = BBEFD6511DB9EB9800C991C7 /* icon-close.png */; };
		BBEFD6731DB9EB9800C991C7 /* icon_set.png in Resources */ = {isa = PBXBuildFile; fileRef = BBEFD6521DB9EB9800C991C7 /* icon_set.png */; };
		BBEFD6741DB9EB9800C991C7 /* MDCAVCameraView.m in Sources */ = {isa = PBXBuildFile; fileRef = BBEFD6541DB9EB9800C991C7 /* MDCAVCameraView.m */; };
		BBEFD6751DB9EB9800C991C7 /* MDCCameraManager.m in Sources */ = {isa = PBXBuildFile; fileRef = BBEFD6561DB9EB9800C991C7 /* MDCCameraManager.m */; };
		BBEFD6761DB9EB9800C991C7 /* MDCPhotoSelectorLiveFeedCell.m in Sources */ = {isa = PBXBuildFile; fileRef = BBEFD6581DB9EB9800C991C7 /* MDCPhotoSelectorLiveFeedCell.m */; };
		BBEFD6771DB9EB9800C991C7 /* NSIndexSet+Convenience.m in Sources */ = {isa = PBXBuildFile; fileRef = BBEFD65A1DB9EB9800C991C7 /* NSIndexSet+Convenience.m */; };
		BBEFD6781DB9EB9800C991C7 /* SelfEditHeadController.m in Sources */ = {isa = PBXBuildFile; fileRef = BBEFD65C1DB9EB9800C991C7 /* SelfEditHeadController.m */; };
		BBEFD6791DB9EB9800C991C7 /* TWImageScrollView.m in Sources */ = {isa = PBXBuildFile; fileRef = BBEFD65E1DB9EB9800C991C7 /* TWImageScrollView.m */; };
		BBEFD67A1DB9EB9800C991C7 /* UICollectionView+Convenience.m in Sources */ = {isa = PBXBuildFile; fileRef = BBEFD6601DB9EB9800C991C7 /* UICollectionView+Convenience.m */; };
		BBEFD67B1DB9EB9800C991C7 /* UIImage+UserPhoto.m in Sources */ = {isa = PBXBuildFile; fileRef = BBEFD6621DB9EB9800C991C7 /* UIImage+UserPhoto.m */; };
		BBEFD67C1DB9EB9800C991C7 /* WTPhotoAlbumListViewController.m in Sources */ = {isa = PBXBuildFile; fileRef = BBEFD6641DB9EB9800C991C7 /* WTPhotoAlbumListViewController.m */; };
		BBEFD67D1DB9EB9800C991C7 /* WTPhotoManager.m in Sources */ = {isa = PBXBuildFile; fileRef = BBEFD6661DB9EB9800C991C7 /* WTPhotoManager.m */; };
		BBEFD67E1DB9EB9800C991C7 /* WTPhotosListCollectionCell.m in Sources */ = {isa = PBXBuildFile; fileRef = BBEFD6681DB9EB9800C991C7 /* WTPhotosListCollectionCell.m */; };
		BBEFD67F1DB9EB9800C991C7 /* WTPhotosListCollectionView.m in Sources */ = {isa = PBXBuildFile; fileRef = BBEFD66A1DB9EB9800C991C7 /* WTPhotosListCollectionView.m */; };
		BBEFD6831DB9EC6600C991C7 /* UIImage+Color.m in Sources */ = {isa = PBXBuildFile; fileRef = BBEFD6821DB9EC6600C991C7 /* UIImage+Color.m */; };
/* End PBXBuildFile section */

/* Begin PBXContainerItemProxy section */
		BBEFD5F11DB9E99F00C991C7 /* PBXContainerItemProxy */ = {
			isa = PBXContainerItemProxy;
			containerPortal = BBEFD5CF1DB9E99F00C991C7 /* Project object */;
			proxyType = 1;
			remoteGlobalIDString = BBEFD5D61DB9E99F00C991C7;
			remoteInfo = WTPhotoSelectorDemo;
		};
		BBEFD5FC1DB9E99F00C991C7 /* PBXContainerItemProxy */ = {
			isa = PBXContainerItemProxy;
			containerPortal = BBEFD5CF1DB9E99F00C991C7 /* Project object */;
			proxyType = 1;
			remoteGlobalIDString = BBEFD5D61DB9E99F00C991C7;
			remoteInfo = WTPhotoSelectorDemo;
		};
/* End PBXContainerItemProxy section */

/* Begin PBXFileReference section */
		BBEFD5D71DB9E99F00C991C7 /* WTPhotoSelectorDemo.app */ = {isa = PBXFileReference; explicitFileType = wrapper.application; includeInIndex = 0; path = WTPhotoSelectorDemo.app; sourceTree = BUILT_PRODUCTS_DIR; };
		BBEFD5DB1DB9E99F00C991C7 /* main.m */ = {isa = PBXFileReference; lastKnownFileType = sourcecode.c.objc; path = main.m; sourceTree = "<group>"; };
		BBEFD5DD1DB9E99F00C991C7 /* AppDelegate.h */ = {isa = PBXFileReference; lastKnownFileType = sourcecode.c.h; path = AppDelegate.h; sourceTree = "<group>"; };
		BBEFD5DE1DB9E99F00C991C7 /* AppDelegate.m */ = {isa = PBXFileReference; lastKnownFileType = sourcecode.c.objc; path = AppDelegate.m; sourceTree = "<group>"; };
		BBEFD5E01DB9E99F00C991C7 /* ViewController.h */ = {isa = PBXFileReference; lastKnownFileType = sourcecode.c.h; path = ViewController.h; sourceTree = "<group>"; };
		BBEFD5E11DB9E99F00C991C7 /* ViewController.m */ = {isa = PBXFileReference; lastKnownFileType = sourcecode.c.objc; path = ViewController.m; sourceTree = "<group>"; };
		BBEFD5E41DB9E99F00C991C7 /* Base */ = {isa = PBXFileReference; lastKnownFileType = file.storyboard; name = Base; path = Base.lproj/Main.storyboard; sourceTree = "<group>"; };
		BBEFD5E61DB9E99F00C991C7 /* Assets.xcassets */ = {isa = PBXFileReference; lastKnownFileType = folder.assetcatalog; path = Assets.xcassets; sourceTree = "<group>"; };
		BBEFD5E91DB9E99F00C991C7 /* Base */ = {isa = PBXFileReference; lastKnownFileType = file.storyboard; name = Base; path = Base.lproj/LaunchScreen.storyboard; sourceTree = "<group>"; };
		BBEFD5EB1DB9E99F00C991C7 /* Info.plist */ = {isa = PBXFileReference; lastKnownFileType = text.plist.xml; path = Info.plist; sourceTree = "<group>"; };
		BBEFD5F01DB9E99F00C991C7 /* WTPhotoSelectorDemoTests.xctest */ = {isa = PBXFileReference; explicitFileType = wrapper.cfbundle; includeInIndex = 0; path = WTPhotoSelectorDemoTests.xctest; sourceTree = BUILT_PRODUCTS_DIR; };
		BBEFD5F41DB9E99F00C991C7 /* WTPhotoSelectorDemoTests.m */ = {isa = PBXFileReference; lastKnownFileType = sourcecode.c.objc; path = WTPhotoSelectorDemoTests.m; sourceTree = "<group>"; };
		BBEFD5F61DB9E99F00C991C7 /* Info.plist */ = {isa = PBXFileReference; lastKnownFileType = text.plist.xml; path = Info.plist; sourceTree = "<group>"; };
		BBEFD5FB1DB9E99F00C991C7 /* WTPhotoSelectorDemoUITests.xctest */ = {isa = PBXFileReference; explicitFileType = wrapper.cfbundle; includeInIndex = 0; path = WTPhotoSelectorDemoUITests.xctest; sourceTree = BUILT_PRODUCTS_DIR; };
		BBEFD5FF1DB9E99F00C991C7 /* WTPhotoSelectorDemoUITests.m */ = {isa = PBXFileReference; lastKnownFileType = sourcecode.c.objc; path = WTPhotoSelectorDemoUITests.m; sourceTree = "<group>"; };
		BBEFD6011DB9E99F00C991C7 /* Info.plist */ = {isa = PBXFileReference; lastKnownFileType = text.plist.xml; path = Info.plist; sourceTree = "<group>"; };
		BBEFD64A1DB9EB9800C991C7 /* compose_edit_group.png */ = {isa = PBXFileReference; lastKnownFileType = image.png; path = compose_edit_group.png; sourceTree = "<group>"; };
		BBEFD64B1DB9EB9800C991C7 /* compose_photo_photograph.png */ = {isa = PBXFileReference; lastKnownFileType = image.png; path = compose_photo_photograph.png; sourceTree = "<group>"; };
		BBEFD64C1DB9EB9800C991C7 /* compose_photo_preview_default@2x.png */ = {isa = PBXFileReference; lastKnownFileType = image.png; path = "compose_photo_preview_default@2x.png"; sourceTree = "<group>"; };
		BBEFD64D1DB9EB9800C991C7 /* compose_photo_preview_right@2x.png */ = {isa = PBXFileReference; lastKnownFileType = image.png; path = "compose_photo_preview_right@2x.png"; sourceTree = "<group>"; };
		BBEFD64E1DB9EB9800C991C7 /* icon-camera-capture.png */ = {isa = PBXFileReference; lastKnownFileType = image.png; path = "icon-camera-capture.png"; sourceTree = "<group>"; };
		BBEFD64F1DB9EB9800C991C7 /* icon-camera-flash@2x.png */ = {isa = PBXFileReference; lastKnownFileType = image.png; path = "icon-camera-flash@2x.png"; sourceTree = "<group>"; };
		BBEFD6501DB9EB9800C991C7 /* icon-camera-flip@2x.png */ = {isa = PBXFileReference; lastKnownFileType = image.png; path = "icon-camera-flip@2x.png"; sourceTree = "<group>"; };
		BBEFD6511DB9EB9800C991C7 /* icon-close.png */ = {isa = PBXFileReference; lastKnownFileType = image.png; path = "icon-close.png"; sourceTree = "<group>"; };
		BBEFD6521DB9EB9800C991C7 /* icon_set.png */ = {isa = PBXFileReference; lastKnownFileType = image.png; path = icon_set.png; sourceTree = "<group>"; };
		BBEFD6531DB9EB9800C991C7 /* MDCAVCameraView.h */ = {isa = PBXFileReference; fileEncoding = 4; lastKnownFileType = sourcecode.c.h; path = MDCAVCameraView.h; sourceTree = "<group>"; };
		BBEFD6541DB9EB9800C991C7 /* MDCAVCameraView.m */ = {isa = PBXFileReference; fileEncoding = 4; lastKnownFileType = sourcecode.c.objc; path = MDCAVCameraView.m; sourceTree = "<group>"; };
		BBEFD6551DB9EB9800C991C7 /* MDCCameraManager.h */ = {isa = PBXFileReference; fileEncoding = 4; lastKnownFileType = sourcecode.c.h; path = MDCCameraManager.h; sourceTree = "<group>"; };
		BBEFD6561DB9EB9800C991C7 /* MDCCameraManager.m */ = {isa = PBXFileReference; fileEncoding = 4; lastKnownFileType = sourcecode.c.objc; path = MDCCameraManager.m; sourceTree = "<group>"; };
		BBEFD6571DB9EB9800C991C7 /* MDCPhotoSelectorLiveFeedCell.h */ = {isa = PBXFileReference; fileEncoding = 4; lastKnownFileType = sourcecode.c.h; path = MDCPhotoSelectorLiveFeedCell.h; sourceTree = "<group>"; };
		BBEFD6581DB9EB9800C991C7 /* MDCPhotoSelectorLiveFeedCell.m */ = {isa = PBXFileReference; fileEncoding = 4; lastKnownFileType = sourcecode.c.objc; path = MDCPhotoSelectorLiveFeedCell.m; sourceTree = "<group>"; };
		BBEFD6591DB9EB9800C991C7 /* NSIndexSet+Convenience.h */ = {isa = PBXFileReference; fileEncoding = 4; lastKnownFileType = sourcecode.c.h; path = "NSIndexSet+Convenience.h"; sourceTree = "<group>"; };
		BBEFD65A1DB9EB9800C991C7 /* NSIndexSet+Convenience.m */ = {isa = PBXFileReference; fileEncoding = 4; lastKnownFileType = sourcecode.c.objc; path = "NSIndexSet+Convenience.m"; sourceTree = "<group>"; };
		BBEFD65B1DB9EB9800C991C7 /* SelfEditHeadController.h */ = {isa = PBXFileReference; fileEncoding = 4; lastKnownFileType = sourcecode.c.h; path = SelfEditHeadController.h; sourceTree = "<group>"; };
		BBEFD65C1DB9EB9800C991C7 /* SelfEditHeadController.m */ = {isa = PBXFileReference; fileEncoding = 4; lastKnownFileType = sourcecode.c.objc; path = SelfEditHeadController.m; sourceTree = "<group>"; };
		BBEFD65D1DB9EB9800C991C7 /* TWImageScrollView.h */ = {isa = PBXFileReference; fileEncoding = 4; lastKnownFileType = sourcecode.c.h; path = TWImageScrollView.h; sourceTree = "<group>"; };
		BBEFD65E1DB9EB9800C991C7 /* TWImageScrollView.m */ = {isa = PBXFileReference; fileEncoding = 4; lastKnownFileType = sourcecode.c.objc; path = TWImageScrollView.m; sourceTree = "<group>"; };
		BBEFD65F1DB9EB9800C991C7 /* UICollectionView+Convenience.h */ = {isa = PBXFileReference; fileEncoding = 4; lastKnownFileType = sourcecode.c.h; path = "UICollectionView+Convenience.h"; sourceTree = "<group>"; };
		BBEFD6601DB9EB9800C991C7 /* UICollectionView+Convenience.m */ = {isa = PBXFileReference; fileEncoding = 4; lastKnownFileType = sourcecode.c.objc; path = "UICollectionView+Convenience.m"; sourceTree = "<group>"; };
		BBEFD6611DB9EB9800C991C7 /* UIImage+UserPhoto.h */ = {isa = PBXFileReference; fileEncoding = 4; lastKnownFileType = sourcecode.c.h; path = "UIImage+UserPhoto.h"; sourceTree = "<group>"; };
		BBEFD6621DB9EB9800C991C7 /* UIImage+UserPhoto.m */ = {isa = PBXFileReference; fileEncoding = 4; lastKnownFileType = sourcecode.c.objc; path = "UIImage+UserPhoto.m"; sourceTree = "<group>"; };
		BBEFD6631DB9EB9800C991C7 /* WTPhotoAlbumListViewController.h */ = {isa = PBXFileReference; fileEncoding = 4; lastKnownFileType = sourcecode.c.h; path = WTPhotoAlbumListViewController.h; sourceTree = "<group>"; };
		BBEFD6641DB9EB9800C991C7 /* WTPhotoAlbumListViewController.m */ = {isa = PBXFileReference; fileEncoding = 4; lastKnownFileType = sourcecode.c.objc; path = WTPhotoAlbumListViewController.m; sourceTree = "<group>"; };
		BBEFD6651DB9EB9800C991C7 /* WTPhotoManager.h */ = {isa = PBXFileReference; fileEncoding = 4; lastKnownFileType = sourcecode.c.h; path = WTPhotoManager.h; sourceTree = "<group>"; };
		BBEFD6661DB9EB9800C991C7 /* WTPhotoManager.m */ = {isa = PBXFileReference; fileEncoding = 4; lastKnownFileType = sourcecode.c.objc; path = WTPhotoManager.m; sourceTree = "<group>"; };
		BBEFD6671DB9EB9800C991C7 /* WTPhotosListCollectionCell.h */ = {isa = PBXFileReference; fileEncoding = 4; lastKnownFileType = sourcecode.c.h; path = WTPhotosListCollectionCell.h; sourceTree = "<group>"; };
		BBEFD6681DB9EB9800C991C7 /* WTPhotosListCollectionCell.m */ = {isa = PBXFileReference; fileEncoding = 4; lastKnownFileType = sourcecode.c.objc; path = WTPhotosListCollectionCell.m; sourceTree = "<group>"; };
		BBEFD6691DB9EB9800C991C7 /* WTPhotosListCollectionView.h */ = {isa = PBXFileReference; fileEncoding = 4; lastKnownFileType = sourcecode.c.h; path = WTPhotosListCollectionView.h; sourceTree = "<group>"; };
		BBEFD66A1DB9EB9800C991C7 /* WTPhotosListCollectionView.m */ = {isa = PBXFileReference; fileEncoding = 4; lastKnownFileType = sourcecode.c.objc; path = WTPhotosListCollectionView.m; sourceTree = "<group>"; };
		BBEFD6801DB9EBFB00C991C7 /* WTPhotoSelectorMarco.h */ = {isa = PBXFileReference; lastKnownFileType = sourcecode.c.h; path = WTPhotoSelectorMarco.h; sourceTree = "<group>"; };
		BBEFD6811DB9EC6600C991C7 /* UIImage+Color.h */ = {isa = PBXFileReference; fileEncoding = 4; lastKnownFileType = sourcecode.c.h; path = "UIImage+Color.h"; sourceTree = "<group>"; };
		BBEFD6821DB9EC6600C991C7 /* UIImage+Color.m */ = {isa = PBXFileReference; fileEncoding = 4; lastKnownFileType = sourcecode.c.objc; path = "UIImage+Color.m"; sourceTree = "<group>"; };
/* End PBXFileReference section */

/* Begin PBXFrameworksBuildPhase section */
		BBEFD5D41DB9E99F00C991C7 /* Frameworks */ = {
			isa = PBXFrameworksBuildPhase;
			buildActionMask = 2147483647;
			files = (
			);
			runOnlyForDeploymentPostprocessing = 0;
		};
		BBEFD5ED1DB9E99F00C991C7 /* Frameworks */ = {
			isa = PBXFrameworksBuildPhase;
			buildActionMask = 2147483647;
			files = (
			);
			runOnlyForDeploymentPostprocessing = 0;
		};
		BBEFD5F81DB9E99F00C991C7 /* Frameworks */ = {
			isa = PBXFrameworksBuildPhase;
			buildActionMask = 2147483647;
			files = (
			);
			runOnlyForDeploymentPostprocessing = 0;
		};
/* End PBXFrameworksBuildPhase section */

/* Begin PBXGroup section */
		BBEFD5CE1DB9E99F00C991C7 = {
			isa = PBXGroup;
			children = (
				BBEFD5D91DB9E99F00C991C7 /* WTPhotoSelectorDemo */,
				BBEFD5F31DB9E99F00C991C7 /* WTPhotoSelectorDemoTests */,
				BBEFD5FE1DB9E99F00C991C7 /* WTPhotoSelectorDemoUITests */,
				BBEFD5D81DB9E99F00C991C7 /* Products */,
			);
			sourceTree = "<group>";
		};
		BBEFD5D81DB9E99F00C991C7 /* Products */ = {
			isa = PBXGroup;
			children = (
				BBEFD5D71DB9E99F00C991C7 /* WTPhotoSelectorDemo.app */,
				BBEFD5F01DB9E99F00C991C7 /* WTPhotoSelectorDemoTests.xctest */,
				BBEFD5FB1DB9E99F00C991C7 /* WTPhotoSelectorDemoUITests.xctest */,
			);
			name = Products;
			sourceTree = "<group>";
		};
		BBEFD5D91DB9E99F00C991C7 /* WTPhotoSelectorDemo */ = {
			isa = PBXGroup;
			children = (
				BBEFD6491DB9EB9800C991C7 /* WTPhotoSelector */,
				BBEFD5DD1DB9E99F00C991C7 /* AppDelegate.h */,
				BBEFD5DE1DB9E99F00C991C7 /* AppDelegate.m */,
				BBEFD5E01DB9E99F00C991C7 /* ViewController.h */,
				BBEFD5E11DB9E99F00C991C7 /* ViewController.m */,
				BBEFD5E31DB9E99F00C991C7 /* Main.storyboard */,
				BBEFD5E61DB9E99F00C991C7 /* Assets.xcassets */,
				BBEFD5E81DB9E99F00C991C7 /* LaunchScreen.storyboard */,
				BBEFD5EB1DB9E99F00C991C7 /* Info.plist */,
				BBEFD5DA1DB9E99F00C991C7 /* Supporting Files */,
			);
			path = WTPhotoSelectorDemo;
			sourceTree = "<group>";
		};
		BBEFD5DA1DB9E99F00C991C7 /* Supporting Files */ = {
			isa = PBXGroup;
			children = (
				BBEFD5DB1DB9E99F00C991C7 /* main.m */,
			);
			name = "Supporting Files";
			sourceTree = "<group>";
		};
		BBEFD5F31DB9E99F00C991C7 /* WTPhotoSelectorDemoTests */ = {
			isa = PBXGroup;
			children = (
				BBEFD5F41DB9E99F00C991C7 /* WTPhotoSelectorDemoTests.m */,
				BBEFD5F61DB9E99F00C991C7 /* Info.plist */,
			);
			path = WTPhotoSelectorDemoTests;
			sourceTree = "<group>";
		};
		BBEFD5FE1DB9E99F00C991C7 /* WTPhotoSelectorDemoUITests */ = {
			isa = PBXGroup;
			children = (
				BBEFD5FF1DB9E99F00C991C7 /* WTPhotoSelectorDemoUITests.m */,
				BBEFD6011DB9E99F00C991C7 /* Info.plist */,
			);
			path = WTPhotoSelectorDemoUITests;
			sourceTree = "<group>";
		};
		BBEFD6491DB9EB9800C991C7 /* WTPhotoSelector */ = {
			isa = PBXGroup;
			children = (
				BBEFD6811DB9EC6600C991C7 /* UIImage+Color.h */,
				BBEFD6821DB9EC6600C991C7 /* UIImage+Color.m */,
				BBEFD64A1DB9EB9800C991C7 /* compose_edit_group.png */,
				BBEFD64B1DB9EB9800C991C7 /* compose_photo_photograph.png */,
				BBEFD64C1DB9EB9800C991C7 /* compose_photo_preview_default@2x.png */,
				BBEFD64D1DB9EB9800C991C7 /* compose_photo_preview_right@2x.png */,
				BBEFD64E1DB9EB9800C991C7 /* icon-camera-capture.png */,
				BBEFD64F1DB9EB9800C991C7 /* icon-camera-flash@2x.png */,
				BBEFD6501DB9EB9800C991C7 /* icon-camera-flip@2x.png */,
				BBEFD6511DB9EB9800C991C7 /* icon-close.png */,
				BBEFD6521DB9EB9800C991C7 /* icon_set.png */,
				BBEFD6531DB9EB9800C991C7 /* MDCAVCameraView.h */,
				BBEFD6541DB9EB9800C991C7 /* MDCAVCameraView.m */,
				BBEFD6551DB9EB9800C991C7 /* MDCCameraManager.h */,
				BBEFD6561DB9EB9800C991C7 /* MDCCameraManager.m */,
				BBEFD6571DB9EB9800C991C7 /* MDCPhotoSelectorLiveFeedCell.h */,
				BBEFD6581DB9EB9800C991C7 /* MDCPhotoSelectorLiveFeedCell.m */,
				BBEFD6591DB9EB9800C991C7 /* NSIndexSet+Convenience.h */,
				BBEFD65A1DB9EB9800C991C7 /* NSIndexSet+Convenience.m */,
				BBEFD65B1DB9EB9800C991C7 /* SelfEditHeadController.h */,
				BBEFD65C1DB9EB9800C991C7 /* SelfEditHeadController.m */,
				BBEFD65D1DB9EB9800C991C7 /* TWImageScrollView.h */,
				BBEFD65E1DB9EB9800C991C7 /* TWImageScrollView.m */,
				BBEFD65F1DB9EB9800C991C7 /* UICollectionView+Convenience.h */,
				BBEFD6601DB9EB9800C991C7 /* UICollectionView+Convenience.m */,
				BBEFD6611DB9EB9800C991C7 /* UIImage+UserPhoto.h */,
				BBEFD6621DB9EB9800C991C7 /* UIImage+UserPhoto.m */,
				BBEFD6631DB9EB9800C991C7 /* WTPhotoAlbumListViewController.h */,
				BBEFD6641DB9EB9800C991C7 /* WTPhotoAlbumListViewController.m */,
				BBEFD6651DB9EB9800C991C7 /* WTPhotoManager.h */,
				BBEFD6661DB9EB9800C991C7 /* WTPhotoManager.m */,
				BBEFD6671DB9EB9800C991C7 /* WTPhotosListCollectionCell.h */,
				BBEFD6681DB9EB9800C991C7 /* WTPhotosListCollectionCell.m */,
				BBEFD6691DB9EB9800C991C7 /* WTPhotosListCollectionView.h */,
				BBEFD66A1DB9EB9800C991C7 /* WTPhotosListCollectionView.m */,
				BBEFD6801DB9EBFB00C991C7 /* WTPhotoSelectorMarco.h */,
			);
			path = WTPhotoSelector;
			sourceTree = "<group>";
		};
/* End PBXGroup section */

/* Begin PBXNativeTarget section */
		BBEFD5D61DB9E99F00C991C7 /* WTPhotoSelectorDemo */ = {
			isa = PBXNativeTarget;
			buildConfigurationList = BBEFD6041DB9E99F00C991C7 /* Build configuration list for PBXNativeTarget "WTPhotoSelectorDemo" */;
			buildPhases = (
				BBEFD5D31DB9E99F00C991C7 /* Sources */,
				BBEFD5D41DB9E99F00C991C7 /* Frameworks */,
				BBEFD5D51DB9E99F00C991C7 /* Resources */,
			);
			buildRules = (
			);
			dependencies = (
			);
			name = WTPhotoSelectorDemo;
			productName = WTPhotoSelectorDemo;
			productReference = BBEFD5D71DB9E99F00C991C7 /* WTPhotoSelectorDemo.app */;
			productType = "com.apple.product-type.application";
		};
		BBEFD5EF1DB9E99F00C991C7 /* WTPhotoSelectorDemoTests */ = {
			isa = PBXNativeTarget;
			buildConfigurationList = BBEFD6071DB9E99F00C991C7 /* Build configuration list for PBXNativeTarget "WTPhotoSelectorDemoTests" */;
			buildPhases = (
				BBEFD5EC1DB9E99F00C991C7 /* Sources */,
				BBEFD5ED1DB9E99F00C991C7 /* Frameworks */,
				BBEFD5EE1DB9E99F00C991C7 /* Resources */,
			);
			buildRules = (
			);
			dependencies = (
				BBEFD5F21DB9E99F00C991C7 /* PBXTargetDependency */,
			);
			name = WTPhotoSelectorDemoTests;
			productName = WTPhotoSelectorDemoTests;
			productReference = BBEFD5F01DB9E99F00C991C7 /* WTPhotoSelectorDemoTests.xctest */;
			productType = "com.apple.product-type.bundle.unit-test";
		};
		BBEFD5FA1DB9E99F00C991C7 /* WTPhotoSelectorDemoUITests */ = {
			isa = PBXNativeTarget;
			buildConfigurationList = BBEFD60A1DB9E99F00C991C7 /* Build configuration list for PBXNativeTarget "WTPhotoSelectorDemoUITests" */;
			buildPhases = (
				BBEFD5F71DB9E99F00C991C7 /* Sources */,
				BBEFD5F81DB9E99F00C991C7 /* Frameworks */,
				BBEFD5F91DB9E99F00C991C7 /* Resources */,
			);
			buildRules = (
			);
			dependencies = (
				BBEFD5FD1DB9E99F00C991C7 /* PBXTargetDependency */,
			);
			name = WTPhotoSelectorDemoUITests;
			productName = WTPhotoSelectorDemoUITests;
			productReference = BBEFD5FB1DB9E99F00C991C7 /* WTPhotoSelectorDemoUITests.xctest */;
			productType = "com.apple.product-type.bundle.ui-testing";
		};
/* End PBXNativeTarget section */

/* Begin PBXProject section */
		BBEFD5CF1DB9E99F00C991C7 /* Project object */ = {
			isa = PBXProject;
			attributes = {
				LastUpgradeCheck = 0800;
				ORGANIZATIONNAME = mm;
				TargetAttributes = {
					BBEFD5D61DB9E99F00C991C7 = {
						CreatedOnToolsVersion = 8.0;
						DevelopmentTeam = Z6H87VA256;
						ProvisioningStyle = Automatic;
					};
					BBEFD5EF1DB9E99F00C991C7 = {
						CreatedOnToolsVersion = 8.0;
						ProvisioningStyle = Automatic;
						TestTargetID = BBEFD5D61DB9E99F00C991C7;
					};
					BBEFD5FA1DB9E99F00C991C7 = {
						CreatedOnToolsVersion = 8.0;
						ProvisioningStyle = Automatic;
						TestTargetID = BBEFD5D61DB9E99F00C991C7;
					};
				};
			};
			buildConfigurationList = BBEFD5D21DB9E99F00C991C7 /* Build configuration list for PBXProject "WTPhotoSelectorDemo" */;
			compatibilityVersion = "Xcode 3.2";
			developmentRegion = English;
			hasScannedForEncodings = 0;
			knownRegions = (
				en,
				Base,
			);
			mainGroup = BBEFD5CE1DB9E99F00C991C7;
			productRefGroup = BBEFD5D81DB9E99F00C991C7 /* Products */;
			projectDirPath = "";
			projectRoot = "";
			targets = (
				BBEFD5D61DB9E99F00C991C7 /* WTPhotoSelectorDemo */,
				BBEFD5EF1DB9E99F00C991C7 /* WTPhotoSelectorDemoTests */,
				BBEFD5FA1DB9E99F00C991C7 /* WTPhotoSelectorDemoUITests */,
			);
		};
/* End PBXProject section */

/* Begin PBXResourcesBuildPhase section */
		BBEFD5D51DB9E99F00C991C7 /* Resources */ = {
			isa = PBXResourcesBuildPhase;
			buildActionMask = 2147483647;
			files = (
				BBEFD66E1DB9EB9800C991C7 /* compose_photo_preview_right@2x.png in Resources */,
				BBEFD66B1DB9EB9800C991C7 /* compose_edit_group.png in Resources */,
				BBEFD6701DB9EB9800C991C7 /* icon-camera-flash@2x.png in Resources */,
				BBEFD66F1DB9EB9800C991C7 /* icon-camera-capture.png in Resources */,
				BBEFD6721DB9EB9800C991C7 /* icon-close.png in Resources */,
				BBEFD66C1DB9EB9800C991C7 /* compose_photo_photograph.png in Resources */,
				BBEFD5EA1DB9E99F00C991C7 /* LaunchScreen.storyboard in Resources */,
				BBEFD6731DB9EB9800C991C7 /* icon_set.png in Resources */,
				BBEFD5E71DB9E99F00C991C7 /* Assets.xcassets in Resources */,
				BBEFD5E51DB9E99F00C991C7 /* Main.storyboard in Resources */,
				BBEFD66D1DB9EB9800C991C7 /* compose_photo_preview_default@2x.png in Resources */,
				BBEFD6711DB9EB9800C991C7 /* icon-camera-flip@2x.png in Resources */,
			);
			runOnlyForDeploymentPostprocessing = 0;
		};
		BBEFD5EE1DB9E99F00C991C7 /* Resources */ = {
			isa = PBXResourcesBuildPhase;
			buildActionMask = 2147483647;
			files = (
			);
			runOnlyForDeploymentPostprocessing = 0;
		};
		BBEFD5F91DB9E99F00C991C7 /* Resources */ = {
			isa = PBXResourcesBuildPhase;
			buildActionMask = 2147483647;
			files = (
			);
			runOnlyForDeploymentPostprocessing = 0;
		};
/* End PBXResourcesBuildPhase section */

/* Begin PBXSourcesBuildPhase section */
		BBEFD5D31DB9E99F00C991C7 /* Sources */ = {
			isa = PBXSourcesBuildPhase;
			buildActionMask = 2147483647;
			files = (
				BBEFD6791DB9EB9800C991C7 /* TWImageScrollView.m in Sources */,
				BBEFD67E1DB9EB9800C991C7 /* WTPhotosListCollectionCell.m in Sources */,
				BBEFD5E21DB9E99F00C991C7 /* ViewController.m in Sources */,
				BBEFD6781DB9EB9800C991C7 /* SelfEditHeadController.m in Sources */,
				BBEFD6751DB9EB9800C991C7 /* MDCCameraManager.m in Sources */,
				BBEFD6831DB9EC6600C991C7 /* UIImage+Color.m in Sources */,
				BBEFD67C1DB9EB9800C991C7 /* WTPhotoAlbumListViewController.m in Sources */,
				BBEFD6761DB9EB9800C991C7 /* MDCPhotoSelectorLiveFeedCell.m in Sources */,
				BBEFD67B1DB9EB9800C991C7 /* UIImage+UserPhoto.m in Sources */,
				BBEFD6771DB9EB9800C991C7 /* NSIndexSet+Convenience.m in Sources */,
				BBEFD67A1DB9EB9800C991C7 /* UICollectionView+Convenience.m in Sources */,
				BBEFD67D1DB9EB9800C991C7 /* WTPhotoManager.m in Sources */,
				BBEFD5DF1DB9E99F00C991C7 /* AppDelegate.m in Sources */,
				BBEFD67F1DB9EB9800C991C7 /* WTPhotosListCollectionView.m in Sources */,
				BBEFD5DC1DB9E99F00C991C7 /* main.m in Sources */,
				BBEFD6741DB9EB9800C991C7 /* MDCAVCameraView.m in Sources */,
			);
			runOnlyForDeploymentPostprocessing = 0;
		};
		BBEFD5EC1DB9E99F00C991C7 /* Sources */ = {
			isa = PBXSourcesBuildPhase;
			buildActionMask = 2147483647;
			files = (
				BBEFD5F51DB9E99F00C991C7 /* WTPhotoSelectorDemoTests.m in Sources */,
			);
			runOnlyForDeploymentPostprocessing = 0;
		};
		BBEFD5F71DB9E99F00C991C7 /* Sources */ = {
			isa = PBXSourcesBuildPhase;
			buildActionMask = 2147483647;
			files = (
				BBEFD6001DB9E99F00C991C7 /* WTPhotoSelectorDemoUITests.m in Sources */,
			);
			runOnlyForDeploymentPostprocessing = 0;
		};
/* End PBXSourcesBuildPhase section */

/* Begin PBXTargetDependency section */
		BBEFD5F21DB9E99F00C991C7 /* PBXTargetDependency */ = {
			isa = PBXTargetDependency;
			target = BBEFD5D61DB9E99F00C991C7 /* WTPhotoSelectorDemo */;
			targetProxy = BBEFD5F11DB9E99F00C991C7 /* PBXContainerItemProxy */;
		};
		BBEFD5FD1DB9E99F00C991C7 /* PBXTargetDependency */ = {
			isa = PBXTargetDependency;
			target = BBEFD5D61DB9E99F00C991C7 /* WTPhotoSelectorDemo */;
			targetProxy = BBEFD5FC1DB9E99F00C991C7 /* PBXContainerItemProxy */;
		};
/* End PBXTargetDependency section */

/* Begin PBXVariantGroup section */
		BBEFD5E31DB9E99F00C991C7 /* Main.storyboard */ = {
			isa = PBXVariantGroup;
			children = (
				BBEFD5E41DB9E99F00C991C7 /* Base */,
			);
			name = Main.storyboard;
			sourceTree = "<group>";
		};
		BBEFD5E81DB9E99F00C991C7 /* LaunchScreen.storyboard */ = {
			isa = PBXVariantGroup;
			children = (
				BBEFD5E91DB9E99F00C991C7 /* Base */,
			);
			name = LaunchScreen.storyboard;
			sourceTree = "<group>";
		};
/* End PBXVariantGroup section */

/* Begin XCBuildConfiguration section */
		BBEFD6021DB9E99F00C991C7 /* Debug */ = {
			isa = XCBuildConfiguration;
			buildSettings = {
				ALWAYS_SEARCH_USER_PATHS = NO;
				CLANG_ANALYZER_NONNULL = YES;
				CLANG_CXX_LANGUAGE_STANDARD = "gnu++0x";
				CLANG_CXX_LIBRARY = "libc++";
				CLANG_ENABLE_MODULES = YES;
				CLANG_ENABLE_OBJC_ARC = YES;
				CLANG_WARN_BOOL_CONVERSION = YES;
				CLANG_WARN_CONSTANT_CONVERSION = YES;
				CLANG_WARN_DIRECT_OBJC_ISA_USAGE = YES_ERROR;
				CLANG_WARN_DOCUMENTATION_COMMENTS = YES;
				CLANG_WARN_EMPTY_BODY = YES;
				CLANG_WARN_ENUM_CONVERSION = YES;
				CLANG_WARN_INFINITE_RECURSION = YES;
				CLANG_WARN_INT_CONVERSION = YES;
				CLANG_WARN_OBJC_ROOT_CLASS = YES_ERROR;
				CLANG_WARN_SUSPICIOUS_MOVES = YES;
				CLANG_WARN_UNREACHABLE_CODE = YES;
				CLANG_WARN__DUPLICATE_METHOD_MATCH = YES;
				"CODE_SIGN_IDENTITY[sdk=iphoneos*]" = "iPhone Developer";
				COPY_PHASE_STRIP = NO;
				DEBUG_INFORMATION_FORMAT = dwarf;
				ENABLE_STRICT_OBJC_MSGSEND = YES;
				ENABLE_TESTABILITY = YES;
				GCC_C_LANGUAGE_STANDARD = gnu99;
				GCC_DYNAMIC_NO_PIC = NO;
				GCC_NO_COMMON_BLOCKS = YES;
				GCC_OPTIMIZATION_LEVEL = 0;
				GCC_PREPROCESSOR_DEFINITIONS = (
					"DEBUG=1",
					"$(inherited)",
				);
				GCC_WARN_64_TO_32_BIT_CONVERSION = YES;
				GCC_WARN_ABOUT_RETURN_TYPE = YES_ERROR;
				GCC_WARN_UNDECLARED_SELECTOR = YES;
				GCC_WARN_UNINITIALIZED_AUTOS = YES_AGGRESSIVE;
				GCC_WARN_UNUSED_FUNCTION = YES;
				GCC_WARN_UNUSED_VARIABLE = YES;
				IPHONEOS_DEPLOYMENT_TARGET = 10.0;
				MTL_ENABLE_DEBUG_INFO = YES;
				ONLY_ACTIVE_ARCH = YES;
				SDKROOT = iphoneos;
			};
			name = Debug;
		};
		BBEFD6031DB9E99F00C991C7 /* Release */ = {
			isa = XCBuildConfiguration;
			buildSettings = {
				ALWAYS_SEARCH_USER_PATHS = NO;
				CLANG_ANALYZER_NONNULL = YES;
				CLANG_CXX_LANGUAGE_STANDARD = "gnu++0x";
				CLANG_CXX_LIBRARY = "libc++";
				CLANG_ENABLE_MODULES = YES;
				CLANG_ENABLE_OBJC_ARC = YES;
				CLANG_WARN_BOOL_CONVERSION = YES;
				CLANG_WARN_CONSTANT_CONVERSION = YES;
				CLANG_WARN_DIRECT_OBJC_ISA_USAGE = YES_ERROR;
				CLANG_WARN_DOCUMENTATION_COMMENTS = YES;
				CLANG_WARN_EMPTY_BODY = YES;
				CLANG_WARN_ENUM_CONVERSION = YES;
				CLANG_WARN_INFINITE_RECURSION = YES;
				CLANG_WARN_INT_CONVERSION = YES;
				CLANG_WARN_OBJC_ROOT_CLASS = YES_ERROR;
				CLANG_WARN_SUSPICIOUS_MOVES = YES;
				CLANG_WARN_UNREACHABLE_CODE = YES;
				CLANG_WARN__DUPLICATE_METHOD_MATCH = YES;
				"CODE_SIGN_IDENTITY[sdk=iphoneos*]" = "iPhone Developer";
				COPY_PHASE_STRIP = NO;
				DEBUG_INFORMATION_FORMAT = "dwarf-with-dsym";
				ENABLE_NS_ASSERTIONS = NO;
				ENABLE_STRICT_OBJC_MSGSEND = YES;
				GCC_C_LANGUAGE_STANDARD = gnu99;
				GCC_NO_COMMON_BLOCKS = YES;
				GCC_WARN_64_TO_32_BIT_CONVERSION = YES;
				GCC_WARN_ABOUT_RETURN_TYPE = YES_ERROR;
				GCC_WARN_UNDECLARED_SELECTOR = YES;
				GCC_WARN_UNINITIALIZED_AUTOS = YES_AGGRESSIVE;
				GCC_WARN_UNUSED_FUNCTION = YES;
				GCC_WARN_UNUSED_VARIABLE = YES;
				IPHONEOS_DEPLOYMENT_TARGET = 10.0;
				MTL_ENABLE_DEBUG_INFO = NO;
				SDKROOT = iphoneos;
				VALIDATE_PRODUCT = YES;
			};
			name = Release;
		};
		BBEFD6051DB9E99F00C991C7 /* Debug */ = {
			isa = XCBuildConfiguration;
			buildSettings = {
				ASSETCATALOG_COMPILER_APPICON_NAME = AppIcon;
				DEVELOPMENT_TEAM = Z6H87VA256;
				INFOPLIST_FILE = WTPhotoSelectorDemo/Info.plist;
				LD_RUNPATH_SEARCH_PATHS = "$(inherited) @executable_path/Frameworks";
				PRODUCT_BUNDLE_IDENTIFIER = com.mm.WTPhotoSelectorDemo;
				PRODUCT_NAME = "$(TARGET_NAME)";
			};
			name = Debug;
		};
		BBEFD6061DB9E99F00C991C7 /* Release */ = {
			isa = XCBuildConfiguration;
			buildSettings = {
				ASSETCATALOG_COMPILER_APPICON_NAME = AppIcon;
				DEVELOPMENT_TEAM = Z6H87VA256;
				INFOPLIST_FILE = WTPhotoSelectorDemo/Info.plist;
				LD_RUNPATH_SEARCH_PATHS = "$(inherited) @executable_path/Frameworks";
				PRODUCT_BUNDLE_IDENTIFIER = com.mm.WTPhotoSelectorDemo;
				PRODUCT_NAME = "$(TARGET_NAME)";
			};
			name = Release;
		};
		BBEFD6081DB9E99F00C991C7 /* Debug */ = {
			isa = XCBuildConfiguration;
			buildSettings = {
				BUNDLE_LOADER = "$(TEST_HOST)";
				INFOPLIST_FILE = WTPhotoSelectorDemoTests/Info.plist;
				LD_RUNPATH_SEARCH_PATHS = "$(inherited) @executable_path/Frameworks @loader_path/Frameworks";
				PRODUCT_BUNDLE_IDENTIFIER = com.mm.WTPhotoSelectorDemoTests;
				PRODUCT_NAME = "$(TARGET_NAME)";
				TEST_HOST = "$(BUILT_PRODUCTS_DIR)/WTPhotoSelectorDemo.app/WTPhotoSelectorDemo";
			};
			name = Debug;
		};
		BBEFD6091DB9E99F00C991C7 /* Release */ = {
			isa = XCBuildConfiguration;
			buildSettings = {
				BUNDLE_LOADER = "$(TEST_HOST)";
				INFOPLIST_FILE = WTPhotoSelectorDemoTests/Info.plist;
				LD_RUNPATH_SEARCH_PATHS = "$(inherited) @executable_path/Frameworks @loader_path/Frameworks";
				PRODUCT_BUNDLE_IDENTIFIER = com.mm.WTPhotoSelectorDemoTests;
				PRODUCT_NAME = "$(TARGET_NAME)";
				TEST_HOST = "$(BUILT_PRODUCTS_DIR)/WTPhotoSelectorDemo.app/WTPhotoSelectorDemo";
			};
			name = Release;
		};
		BBEFD60B1DB9E99F00C991C7 /* Debug */ = {
			isa = XCBuildConfiguration;
			buildSettings = {
				INFOPLIST_FILE = WTPhotoSelectorDemoUITests/Info.plist;
				LD_RUNPATH_SEARCH_PATHS = "$(inherited) @executable_path/Frameworks @loader_path/Frameworks";
				PRODUCT_BUNDLE_IDENTIFIER = com.mm.WTPhotoSelectorDemoUITests;
				PRODUCT_NAME = "$(TARGET_NAME)";
				TEST_TARGET_NAME = WTPhotoSelectorDemo;
			};
			name = Debug;
		};
		BBEFD60C1DB9E99F00C991C7 /* Release */ = {
			isa = XCBuildConfiguration;
			buildSettings = {
				INFOPLIST_FILE = WTPhotoSelectorDemoUITests/Info.plist;
				LD_RUNPATH_SEARCH_PATHS = "$(inherited) @executable_path/Frameworks @loader_path/Frameworks";
				PRODUCT_BUNDLE_IDENTIFIER = com.mm.WTPhotoSelectorDemoUITests;
				PRODUCT_NAME = "$(TARGET_NAME)";
				TEST_TARGET_NAME = WTPhotoSelectorDemo;
			};
			name = Release;
		};
/* End XCBuildConfiguration section */

/* Begin XCConfigurationList section */
		BBEFD5D21DB9E99F00C991C7 /* Build configuration list for PBXProject "WTPhotoSelectorDemo" */ = {
			isa = XCConfigurationList;
			buildConfigurations = (
				BBEFD6021DB9E99F00C991C7 /* Debug */,
				BBEFD6031DB9E99F00C991C7 /* Release */,
			);
			defaultConfigurationIsVisible = 0;
			defaultConfigurationName = Release;
		};
		BBEFD6041DB9E99F00C991C7 /* Build configuration list for PBXNativeTarget "WTPhotoSelectorDemo" */ = {
			isa = XCConfigurationList;
			buildConfigurations = (
				BBEFD6051DB9E99F00C991C7 /* Debug */,
				BBEFD6061DB9E99F00C991C7 /* Release */,
			);
			defaultConfigurationIsVisible = 0;
		};
		BBEFD6071DB9E99F00C991C7 /* Build configuration list for PBXNativeTarget "WTPhotoSelectorDemoTests" */ = {
			isa = XCConfigurationList;
			buildConfigurations = (
				BBEFD6081DB9E99F00C991C7 /* Debug */,
				BBEFD6091DB9E99F00C991C7 /* Release */,
			);
			defaultConfigurationIsVisible = 0;
		};
		BBEFD60A1DB9E99F00C991C7 /* Build configuration list for PBXNativeTarget "WTPhotoSelectorDemoUITests" */ = {
			isa = XCConfigurationList;
			buildConfigurations = (
				BBEFD60B1DB9E99F00C991C7 /* Debug */,
				BBEFD60C1DB9E99F00C991C7 /* Release */,
			);
			defaultConfigurationIsVisible = 0;
		};
/* End XCConfigurationList section */
	};
	rootObject = BBEFD5CF1DB9E99F00C991C7 /* Project object */;
}
